
Microsoft Visual Studio Solution File, Format Version 12.00
# Visual Studio Version 16
VisualStudioVersion = 16.0.30114.105
MinimumVisualStudioVersion = 10.0.40219.1
Project("{FAE04EC0-301F-11D3-BF4B-00C04F79EFBC}") = "GrpcGreeterServer", "GrpcGreeterServer\GrpcGreeterServer.csproj", "{77708DE5-B070-4827-8D1E-38A381EC31F5}"
EndProject
Project("{FAE04EC0-301F-11D3-BF4B-00C04F79EFBC}") = "GrpcGreeterClient", "GrpcGreeterClient\GrpcGreeterClient.csproj", "{0FFBC384-15C9-4F64-B96D-1A7CF95B3ADF}"
EndProject
Global
	GlobalSection(SolutionConfigurationPlatforms) = preSolution
		Debug|Any CPU = Debug|Any CPU
		Release|Any CPU = Release|Any CPU
	EndGlobalSection
	GlobalSection(SolutionProperties) = preSolution
		HideSolutionNode = FALSE
	EndGlobalSection
	GlobalSection(ProjectConfigurationPlatforms) = postSolution
		{77708DE5-B070-4827-8D1E-38A381EC31F5}.Debug|Any CPU.ActiveCfg = Debug|Any CPU
		{77708DE5-B070-4827-8D1E-38A381EC31F5}.Debug|Any CPU.Build.0 = Debug|Any CPU
		{77708DE5-B070-4827-8D1E-38A381EC31F5}.Release|Any CPU.ActiveCfg = Release|Any CPU
		{77708DE5-B070-4827-8D1E-38A381EC31F5}.Release|Any CPU.Build.0 = Release|Any CPU
		{0FFBC384-15C9-4F64-B96D-1A7CF95B3ADF}.Debug|Any CPU.ActiveCfg = Debug|Any CPU
		{0FFBC384-15C9-4F64-B96D-1A7CF95B3ADF}.Debug|Any CPU.Build.0 = Debug|Any CPU
		{0FFBC384-15C9-4F64-B96D-1A7CF95B3ADF}.Release|Any CPU.ActiveCfg = Release|Any CPU
		{0FFBC384-15C9-4F64-B96D-1A7CF95B3ADF}.Release|Any CPU.Build.0 = Release|Any CPU
	EndGlobalSection
EndGlobal
